// !$*UTF8*$!
{
	archiveVersion = 1;
	classes = {
	};
	objectVersion = 56;
	objects = {

/* Begin PBXBuildFile section */
		C0B8242E2AE8DB96005F4080 /* AppDelegate.swift in Sources */ = {isa = PBXBuildFile; fileRef = C0B8242D2AE8DB96005F4080 /* AppDelegate.swift */; };
		C0B824302AE8DB96005F4080 /* SceneDelegate.swift in Sources */ = {isa = PBXBuildFile; fileRef = C0B8242F2AE8DB96005F4080 /* SceneDelegate.swift */; };
		C0B824322AE8DB96005F4080 /* ViewController.swift in Sources */ = {isa = PBXBuildFile; fileRef = C0B824312AE8DB96005F4080 /* ViewController.swift */; };
		C0B824372AE8DB97005F4080 /* Assets.xcassets in Resources */ = {isa = PBXBuildFile; fileRef = C0B824362AE8DB97005F4080 /* Assets.xcassets */; };
		C0B8243A2AE8DB97005F4080 /* LaunchScreen.storyboard in Resources */ = {isa = PBXBuildFile; fileRef = C0B824382AE8DB97005F4080 /* LaunchScreen.storyboard */; };
		C0B824452AE8DB97005F4080 /* GithubSearchTests.swift in Sources */ = {isa = PBXBuildFile; fileRef = C0B824442AE8DB97005F4080 /* GithubSearchTests.swift */; };
		C0B8244F2AE8DB97005F4080 /* GithubSearchUITests.swift in Sources */ = {isa = PBXBuildFile; fileRef = C0B8244E2AE8DB97005F4080 /* GithubSearchUITests.swift */; };
		C0B824512AE8DB97005F4080 /* GithubSearchUITestsLaunchTests.swift in Sources */ = {isa = PBXBuildFile; fileRef = C0B824502AE8DB97005F4080 /* GithubSearchUITestsLaunchTests.swift */; };
		C0B8245F2AE8EBCD005F4080 /* RxCocoa in Frameworks */ = {isa = PBXBuildFile; productRef = C0B8245E2AE8EBCD005F4080 /* RxCocoa */; };
		C0B824612AE8EBCD005F4080 /* RxSwift in Frameworks */ = {isa = PBXBuildFile; productRef = C0B824602AE8EBCD005F4080 /* RxSwift */; };
		C0B824642AE8F54D005F4080 /* ReactorKit in Frameworks */ = {isa = PBXBuildFile; productRef = C0B824632AE8F54D005F4080 /* ReactorKit */; };
		C0B824662AE8F5DD005F4080 /* Reactor.swift in Sources */ = {isa = PBXBuildFile; fileRef = C0B824652AE8F5DD005F4080 /* Reactor.swift */; };
/* End PBXBuildFile section */

/* Begin PBXContainerItemProxy section */
		C0B824412AE8DB97005F4080 /* PBXContainerItemProxy */ = {
			isa = PBXContainerItemProxy;
			containerPortal = C0B824222AE8DB96005F4080 /* Project object */;
			proxyType = 1;
			remoteGlobalIDString = C0B824292AE8DB96005F4080;
			remoteInfo = GithubSearch;
		};
		C0B8244B2AE8DB97005F4080 /* PBXContainerItemProxy */ = {
			isa = PBXContainerItemProxy;
			containerPortal = C0B824222AE8DB96005F4080 /* Project object */;
			proxyType = 1;
			remoteGlobalIDString = C0B824292AE8DB96005F4080;
			remoteInfo = GithubSearch;
		};
/* End PBXContainerItemProxy section */

/* Begin PBXFileReference section */
		C0B8242A2AE8DB96005F4080 /* GithubSearch.app */ = {isa = PBXFileReference; explicitFileType = wrapper.application; includeInIndex = 0; path = GithubSearch.app; sourceTree = BUILT_PRODUCTS_DIR; };
		C0B8242D2AE8DB96005F4080 /* AppDelegate.swift */ = {isa = PBXFileReference; lastKnownFileType = sourcecode.swift; path = AppDelegate.swift; sourceTree = "<group>"; };
		C0B8242F2AE8DB96005F4080 /* SceneDelegate.swift */ = {isa = PBXFileReference; lastKnownFileType = sourcecode.swift; path = SceneDelegate.swift; sourceTree = "<group>"; };
		C0B824312AE8DB96005F4080 /* ViewController.swift */ = {isa = PBXFileReference; lastKnownFileType = sourcecode.swift; path = ViewController.swift; sourceTree = "<group>"; };
		C0B824362AE8DB97005F4080 /* Assets.xcassets */ = {isa = PBXFileReference; lastKnownFileType = folder.assetcatalog; path = Assets.xcassets; sourceTree = "<group>"; };
		C0B824392AE8DB97005F4080 /* Base */ = {isa = PBXFileReference; lastKnownFileType = file.storyboard; name = Base; path = Base.lproj/LaunchScreen.storyboard; sourceTree = "<group>"; };
		C0B8243B2AE8DB97005F4080 /* Info.plist */ = {isa = PBXFileReference; lastKnownFileType = text.plist.xml; path = Info.plist; sourceTree = "<group>"; };
		C0B824402AE8DB97005F4080 /* GithubSearchTests.xctest */ = {isa = PBXFileReference; explicitFileType = wrapper.cfbundle; includeInIndex = 0; path = GithubSearchTests.xctest; sourceTree = BUILT_PRODUCTS_DIR; };
		C0B824442AE8DB97005F4080 /* GithubSearchTests.swift */ = {isa = PBXFileReference; lastKnownFileType = sourcecode.swift; path = GithubSearchTests.swift; sourceTree = "<group>"; };
		C0B8244A2AE8DB97005F4080 /* GithubSearchUITests.xctest */ = {isa = PBXFileReference; explicitFileType = wrapper.cfbundle; includeInIndex = 0; path = GithubSearchUITests.xctest; sourceTree = BUILT_PRODUCTS_DIR; };
		C0B8244E2AE8DB97005F4080 /* GithubSearchUITests.swift */ = {isa = PBXFileReference; lastKnownFileType = sourcecode.swift; path = GithubSearchUITests.swift; sourceTree = "<group>"; };
		C0B824502AE8DB97005F4080 /* GithubSearchUITestsLaunchTests.swift */ = {isa = PBXFileReference; lastKnownFileType = sourcecode.swift; path = GithubSearchUITestsLaunchTests.swift; sourceTree = "<group>"; };
		C0B824652AE8F5DD005F4080 /* Reactor.swift */ = {isa = PBXFileReference; lastKnownFileType = sourcecode.swift; path = Reactor.swift; sourceTree = "<group>"; };
/* End PBXFileReference section */

/* Begin PBXFrameworksBuildPhase section */
		C0B824272AE8DB96005F4080 /* Frameworks */ = {
			isa = PBXFrameworksBuildPhase;
			buildActionMask = 2147483647;
			files = (
				C0B824612AE8EBCD005F4080 /* RxSwift in Frameworks */,
				C0B824642AE8F54D005F4080 /* ReactorKit in Frameworks */,
				C0B8245F2AE8EBCD005F4080 /* RxCocoa in Frameworks */,
			);
			runOnlyForDeploymentPostprocessing = 0;
		};
		C0B8243D2AE8DB97005F4080 /* Frameworks */ = {
			isa = PBXFrameworksBuildPhase;
			buildActionMask = 2147483647;
			files = (
			);
			runOnlyForDeploymentPostprocessing = 0;
		};
		C0B824472AE8DB97005F4080 /* Frameworks */ = {
			isa = PBXFrameworksBuildPhase;
			buildActionMask = 2147483647;
			files = (
			);
			runOnlyForDeploymentPostprocessing = 0;
		};
/* End PBXFrameworksBuildPhase section */

/* Begin PBXGroup section */
		C0B824212AE8DB96005F4080 = {
			isa = PBXGroup;
			children = (
				C0B8242C2AE8DB96005F4080 /* GithubSearch */,
				C0B824432AE8DB97005F4080 /* GithubSearchTests */,
				C0B8244D2AE8DB97005F4080 /* GithubSearchUITests */,
				C0B8242B2AE8DB96005F4080 /* Products */,
			);
			sourceTree = "<group>";
		};
		C0B8242B2AE8DB96005F4080 /* Products */ = {
			isa = PBXGroup;
			children = (
				C0B8242A2AE8DB96005F4080 /* GithubSearch.app */,
				C0B824402AE8DB97005F4080 /* GithubSearchTests.xctest */,
				C0B8244A2AE8DB97005F4080 /* GithubSearchUITests.xctest */,
			);
			name = Products;
			sourceTree = "<group>";
		};
		C0B8242C2AE8DB96005F4080 /* GithubSearch */ = {
			isa = PBXGroup;
			children = (
				C0B8242D2AE8DB96005F4080 /* AppDelegate.swift */,
				C0B8242F2AE8DB96005F4080 /* SceneDelegate.swift */,
				C0B824312AE8DB96005F4080 /* ViewController.swift */,
				C0B824652AE8F5DD005F4080 /* Reactor.swift */,
				C0B824362AE8DB97005F4080 /* Assets.xcassets */,
				C0B824382AE8DB97005F4080 /* LaunchScreen.storyboard */,
				C0B8243B2AE8DB97005F4080 /* Info.plist */,
			);
			path = GithubSearch;
			sourceTree = "<group>";
		};
		C0B824432AE8DB97005F4080 /* GithubSearchTests */ = {
			isa = PBXGroup;
			children = (
				C0B824442AE8DB97005F4080 /* GithubSearchTests.swift */,
			);
			path = GithubSearchTests;
			sourceTree = "<group>";
		};
		C0B8244D2AE8DB97005F4080 /* GithubSearchUITests */ = {
			isa = PBXGroup;
			children = (
				C0B8244E2AE8DB97005F4080 /* GithubSearchUITests.swift */,
				C0B824502AE8DB97005F4080 /* GithubSearchUITestsLaunchTests.swift */,
			);
			path = GithubSearchUITests;
			sourceTree = "<group>";
		};
/* End PBXGroup section */

/* Begin PBXNativeTarget section */
		C0B824292AE8DB96005F4080 /* GithubSearch */ = {
			isa = PBXNativeTarget;
			buildConfigurationList = C0B824542AE8DB97005F4080 /* Build configuration list for PBXNativeTarget "GithubSearch" */;
			buildPhases = (
				C0B824262AE8DB96005F4080 /* Sources */,
				C0B824272AE8DB96005F4080 /* Frameworks */,
				C0B824282AE8DB96005F4080 /* Resources */,
			);
			buildRules = (
			);
			dependencies = (
			);
			name = GithubSearch;
			packageProductDependencies = (
				C0B8245E2AE8EBCD005F4080 /* RxCocoa */,
				C0B824602AE8EBCD005F4080 /* RxSwift */,
				C0B824632AE8F54D005F4080 /* ReactorKit */,
			);
			productName = GithubSearch;
			productReference = C0B8242A2AE8DB96005F4080 /* GithubSearch.app */;
			productType = "com.apple.product-type.application";
		};
		C0B8243F2AE8DB97005F4080 /* GithubSearchTests */ = {
			isa = PBXNativeTarget;
			buildConfigurationList = C0B824572AE8DB97005F4080 /* Build configuration list for PBXNativeTarget "GithubSearchTests" */;
			buildPhases = (
				C0B8243C2AE8DB97005F4080 /* Sources */,
				C0B8243D2AE8DB97005F4080 /* Frameworks */,
				C0B8243E2AE8DB97005F4080 /* Resources */,
			);
			buildRules = (
			);
			dependencies = (
				C0B824422AE8DB97005F4080 /* PBXTargetDependency */,
			);
			name = GithubSearchTests;
			productName = GithubSearchTests;
			productReference = C0B824402AE8DB97005F4080 /* GithubSearchTests.xctest */;
			productType = "com.apple.product-type.bundle.unit-test";
		};
		C0B824492AE8DB97005F4080 /* GithubSearchUITests */ = {
			isa = PBXNativeTarget;
			buildConfigurationList = C0B8245A2AE8DB97005F4080 /* Build configuration list for PBXNativeTarget "GithubSearchUITests" */;
			buildPhases = (
				C0B824462AE8DB97005F4080 /* Sources */,
				C0B824472AE8DB97005F4080 /* Frameworks */,
				C0B824482AE8DB97005F4080 /* Resources */,
			);
			buildRules = (
			);
			dependencies = (
				C0B8244C2AE8DB97005F4080 /* PBXTargetDependency */,
			);
			name = GithubSearchUITests;
			productName = GithubSearchUITests;
			productReference = C0B8244A2AE8DB97005F4080 /* GithubSearchUITests.xctest */;
			productType = "com.apple.product-type.bundle.ui-testing";
		};
/* End PBXNativeTarget section */

/* Begin PBXProject section */
		C0B824222AE8DB96005F4080 /* Project object */ = {
			isa = PBXProject;
			attributes = {
				BuildIndependentTargetsInParallel = 1;
				LastSwiftUpdateCheck = 1430;
				LastUpgradeCheck = 1430;
				TargetAttributes = {
					C0B824292AE8DB96005F4080 = {
						CreatedOnToolsVersion = 14.3.1;
					};
					C0B8243F2AE8DB97005F4080 = {
						CreatedOnToolsVersion = 14.3.1;
						TestTargetID = C0B824292AE8DB96005F4080;
					};
					C0B824492AE8DB97005F4080 = {
						CreatedOnToolsVersion = 14.3.1;
						TestTargetID = C0B824292AE8DB96005F4080;
					};
				};
			};
			buildConfigurationList = C0B824252AE8DB96005F4080 /* Build configuration list for PBXProject "GithubSearch" */;
			compatibilityVersion = "Xcode 14.0";
			developmentRegion = en;
			hasScannedForEncodings = 0;
			knownRegions = (
				en,
				Base,
			);
			mainGroup = C0B824212AE8DB96005F4080;
			packageReferences = (
				C0B8245D2AE8EBCD005F4080 /* XCRemoteSwiftPackageReference "RxSwift" */,
				C0B824622AE8F54D005F4080 /* XCRemoteSwiftPackageReference "ReactorKit" */,
			);
			productRefGroup = C0B8242B2AE8DB96005F4080 /* Products */;
			projectDirPath = "";
			projectRoot = "";
			targets = (
				C0B824292AE8DB96005F4080 /* GithubSearch */,
				C0B8243F2AE8DB97005F4080 /* GithubSearchTests */,
				C0B824492AE8DB97005F4080 /* GithubSearchUITests */,
			);
		};
/* End PBXProject section */

/* Begin PBXResourcesBuildPhase section */
		C0B824282AE8DB96005F4080 /* Resources */ = {
			isa = PBXResourcesBuildPhase;
			buildActionMask = 2147483647;
			files = (
				C0B8243A2AE8DB97005F4080 /* LaunchScreen.storyboard in Resources */,
				C0B824372AE8DB97005F4080 /* Assets.xcassets in Resources */,
			);
			runOnlyForDeploymentPostprocessing = 0;
		};
		C0B8243E2AE8DB97005F4080 /* Resources */ = {
			isa = PBXResourcesBuildPhase;
			buildActionMask = 2147483647;
			files = (
			);
			runOnlyForDeploymentPostprocessing = 0;
		};
		C0B824482AE8DB97005F4080 /* Resources */ = {
			isa = PBXResourcesBuildPhase;
			buildActionMask = 2147483647;
			files = (
			);
			runOnlyForDeploymentPostprocessing = 0;
		};
/* End PBXResourcesBuildPhase section */

/* Begin PBXSourcesBuildPhase section */
		C0B824262AE8DB96005F4080 /* Sources */ = {
			isa = PBXSourcesBuildPhase;
			buildActionMask = 2147483647;
			files = (
				C0B824662AE8F5DD005F4080 /* Reactor.swift in Sources */,
				C0B824322AE8DB96005F4080 /* ViewController.swift in Sources */,
				C0B8242E2AE8DB96005F4080 /* AppDelegate.swift in Sources */,
				C0B824302AE8DB96005F4080 /* SceneDelegate.swift in Sources */,
			);
			runOnlyForDeploymentPostprocessing = 0;
		};
		C0B8243C2AE8DB97005F4080 /* Sources */ = {
			isa = PBXSourcesBuildPhase;
			buildActionMask = 2147483647;
			files = (
				C0B824452AE8DB97005F4080 /* GithubSearchTests.swift in Sources */,
			);
			runOnlyForDeploymentPostprocessing = 0;
		};
		C0B824462AE8DB97005F4080 /* Sources */ = {
			isa = PBXSourcesBuildPhase;
			buildActionMask = 2147483647;
			files = (
				C0B8244F2AE8DB97005F4080 /* GithubSearchUITests.swift in Sources */,
				C0B824512AE8DB97005F4080 /* GithubSearchUITestsLaunchTests.swift in Sources */,
			);
			runOnlyForDeploymentPostprocessing = 0;
		};
/* End PBXSourcesBuildPhase section */

/* Begin PBXTargetDependency section */
		C0B824422AE8DB97005F4080 /* PBXTargetDependency */ = {
			isa = PBXTargetDependency;
			target = C0B824292AE8DB96005F4080 /* GithubSearch */;
			targetProxy = C0B824412AE8DB97005F4080 /* PBXContainerItemProxy */;
		};
		C0B8244C2AE8DB97005F4080 /* PBXTargetDependency */ = {
			isa = PBXTargetDependency;
			target = C0B824292AE8DB96005F4080 /* GithubSearch */;
			targetProxy = C0B8244B2AE8DB97005F4080 /* PBXContainerItemProxy */;
		};
/* End PBXTargetDependency section */

/* Begin PBXVariantGroup section */
		C0B824382AE8DB97005F4080 /* LaunchScreen.storyboard */ = {
			isa = PBXVariantGroup;
			children = (
				C0B824392AE8DB97005F4080 /* Base */,
			);
			name = LaunchScreen.storyboard;
			sourceTree = "<group>";
		};
/* End PBXVariantGroup section */

/* Begin XCBuildConfiguration section */
		C0B824522AE8DB97005F4080 /* Debug */ = {
			isa = XCBuildConfiguration;
			buildSettings = {
				ALWAYS_SEARCH_USER_PATHS = NO;
				CLANG_ANALYZER_NONNULL = YES;
				CLANG_ANALYZER_NUMBER_OBJECT_CONVERSION = YES_AGGRESSIVE;
				CLANG_CXX_LANGUAGE_STANDARD = "gnu++20";
				CLANG_ENABLE_MODULES = YES;
				CLANG_ENABLE_OBJC_ARC = YES;
				CLANG_ENABLE_OBJC_WEAK = YES;
				CLANG_WARN_BLOCK_CAPTURE_AUTORELEASING = YES;
				CLANG_WARN_BOOL_CONVERSION = YES;
				CLANG_WARN_COMMA = YES;
				CLANG_WARN_CONSTANT_CONVERSION = YES;
				CLANG_WARN_DEPRECATED_OBJC_IMPLEMENTATIONS = YES;
				CLANG_WARN_DIRECT_OBJC_ISA_USAGE = YES_ERROR;
				CLANG_WARN_DOCUMENTATION_COMMENTS = YES;
				CLANG_WARN_EMPTY_BODY = YES;
				CLANG_WARN_ENUM_CONVERSION = YES;
				CLANG_WARN_INFINITE_RECURSION = YES;
				CLANG_WARN_INT_CONVERSION = YES;
				CLANG_WARN_NON_LITERAL_NULL_CONVERSION = YES;
				CLANG_WARN_OBJC_IMPLICIT_RETAIN_SELF = YES;
				CLANG_WARN_OBJC_LITERAL_CONVERSION = YES;
				CLANG_WARN_OBJC_ROOT_CLASS = YES_ERROR;
				CLANG_WARN_QUOTED_INCLUDE_IN_FRAMEWORK_HEADER = YES;
				CLANG_WARN_RANGE_LOOP_ANALYSIS = YES;
				CLANG_WARN_STRICT_PROTOTYPES = YES;
				CLANG_WARN_SUSPICIOUS_MOVE = YES;
				CLANG_WARN_UNGUARDED_AVAILABILITY = YES_AGGRESSIVE;
				CLANG_WARN_UNREACHABLE_CODE = YES;
				CLANG_WARN__DUPLICATE_METHOD_MATCH = YES;
				COPY_PHASE_STRIP = NO;
				DEBUG_INFORMATION_FORMAT = dwarf;
				ENABLE_STRICT_OBJC_MSGSEND = YES;
				ENABLE_TESTABILITY = YES;
				GCC_C_LANGUAGE_STANDARD = gnu11;
				GCC_DYNAMIC_NO_PIC = NO;
				GCC_NO_COMMON_BLOCKS = YES;
				GCC_OPTIMIZATION_LEVEL = 0;
				GCC_PREPROCESSOR_DEFINITIONS = (
					"DEBUG=1",
					"$(inherited)",
				);
				GCC_WARN_64_TO_32_BIT_CONVERSION = YES;
				GCC_WARN_ABOUT_RETURN_TYPE = YES_ERROR;
				GCC_WARN_UNDECLARED_SELECTOR = YES;
				GCC_WARN_UNINITIALIZED_AUTOS = YES_AGGRESSIVE;
				GCC_WARN_UNUSED_FUNCTION = YES;
				GCC_WARN_UNUSED_VARIABLE = YES;
				IPHONEOS_DEPLOYMENT_TARGET = 16.4;
				MTL_ENABLE_DEBUG_INFO = INCLUDE_SOURCE;
				MTL_FAST_MATH = YES;
				ONLY_ACTIVE_ARCH = YES;
				SDKROOT = iphoneos;
				SWIFT_ACTIVE_COMPILATION_CONDITIONS = DEBUG;
				SWIFT_OPTIMIZATION_LEVEL = "-Onone";
			};
			name = Debug;
		};
		C0B824532AE8DB97005F4080 /* Release */ = {
			isa = XCBuildConfiguration;
			buildSettings = {
				ALWAYS_SEARCH_USER_PATHS = NO;
				CLANG_ANALYZER_NONNULL = YES;
				CLANG_ANALYZER_NUMBER_OBJECT_CONVERSION = YES_AGGRESSIVE;
				CLANG_CXX_LANGUAGE_STANDARD = "gnu++20";
				CLANG_ENABLE_MODULES = YES;
				CLANG_ENABLE_OBJC_ARC = YES;
				CLANG_ENABLE_OBJC_WEAK = YES;
				CLANG_WARN_BLOCK_CAPTURE_AUTORELEASING = YES;
				CLANG_WARN_BOOL_CONVERSION = YES;
				CLANG_WARN_COMMA = YES;
				CLANG_WARN_CONSTANT_CONVERSION = YES;
				CLANG_WARN_DEPRECATED_OBJC_IMPLEMENTATIONS = YES;
				CLANG_WARN_DIRECT_OBJC_ISA_USAGE = YES_ERROR;
				CLANG_WARN_DOCUMENTATION_COMMENTS = YES;
				CLANG_WARN_EMPTY_BODY = YES;
				CLANG_WARN_ENUM_CONVERSION = YES;
				CLANG_WARN_INFINITE_RECURSION = YES;
				CLANG_WARN_INT_CONVERSION = YES;
				CLANG_WARN_NON_LITERAL_NULL_CONVERSION = YES;
				CLANG_WARN_OBJC_IMPLICIT_RETAIN_SELF = YES;
				CLANG_WARN_OBJC_LITERAL_CONVERSION = YES;
				CLANG_WARN_OBJC_ROOT_CLASS = YES_ERROR;
				CLANG_WARN_QUOTED_INCLUDE_IN_FRAMEWORK_HEADER = YES;
				CLANG_WARN_RANGE_LOOP_ANALYSIS = YES;
				CLANG_WARN_STRICT_PROTOTYPES = YES;
				CLANG_WARN_SUSPICIOUS_MOVE = YES;
				CLANG_WARN_UNGUARDED_AVAILABILITY = YES_AGGRESSIVE;
				CLANG_WARN_UNREACHABLE_CODE = YES;
				CLANG_WARN__DUPLICATE_METHOD_MATCH = YES;
				COPY_PHASE_STRIP = NO;
				DEBUG_INFORMATION_FORMAT = "dwarf-with-dsym";
				ENABLE_NS_ASSERTIONS = NO;
				ENABLE_STRICT_OBJC_MSGSEND = YES;
				GCC_C_LANGUAGE_STANDARD = gnu11;
				GCC_NO_COMMON_BLOCKS = YES;
				GCC_WARN_64_TO_32_BIT_CONVERSION = YES;
				GCC_WARN_ABOUT_RETURN_TYPE = YES_ERROR;
				GCC_WARN_UNDECLARED_SELECTOR = YES;
				GCC_WARN_UNINITIALIZED_AUTOS = YES_AGGRESSIVE;
				GCC_WARN_UNUSED_FUNCTION = YES;
				GCC_WARN_UNUSED_VARIABLE = YES;
				IPHONEOS_DEPLOYMENT_TARGET = 16.4;
				MTL_ENABLE_DEBUG_INFO = NO;
				MTL_FAST_MATH = YES;
				SDKROOT = iphoneos;
				SWIFT_COMPILATION_MODE = wholemodule;
				SWIFT_OPTIMIZATION_LEVEL = "-O";
				VALIDATE_PRODUCT = YES;
			};
			name = Release;
		};
		C0B824552AE8DB97005F4080 /* Debug */ = {
			isa = XCBuildConfiguration;
			buildSettings = {
				ASSETCATALOG_COMPILER_APPICON_NAME = AppIcon;
				ASSETCATALOG_COMPILER_GLOBAL_ACCENT_COLOR_NAME = AccentColor;
				CODE_SIGN_STYLE = Automatic;
				CURRENT_PROJECT_VERSION = 1;
				DEVELOPMENT_TEAM = U77SWC9NZT;
				GENERATE_INFOPLIST_FILE = YES;
				INFOPLIST_FILE = GithubSearch/Info.plist;
				INFOPLIST_KEY_UIApplicationSupportsIndirectInputEvents = YES;
				INFOPLIST_KEY_UILaunchStoryboardName = LaunchScreen;
				INFOPLIST_KEY_UIMainStoryboardFile = "";
				INFOPLIST_KEY_UISupportedInterfaceOrientations_iPad = "UIInterfaceOrientationPortrait UIInterfaceOrientationPortraitUpsideDown UIInterfaceOrientationLandscapeLeft UIInterfaceOrientationLandscapeRight";
				INFOPLIST_KEY_UISupportedInterfaceOrientations_iPhone = "UIInterfaceOrientationPortrait UIInterfaceOrientationLandscapeLeft UIInterfaceOrientationLandscapeRight";
				LD_RUNPATH_SEARCH_PATHS = (
					"$(inherited)",
					"@executable_path/Frameworks",
				);
				MARKETING_VERSION = 1.0;
				PRODUCT_BUNDLE_IDENTIFIER = com.kakaobanktest.GithubSearch;
				PRODUCT_NAME = "$(TARGET_NAME)";
				SWIFT_EMIT_LOC_STRINGS = YES;
				SWIFT_VERSION = 5.0;
				TARGETED_DEVICE_FAMILY = "1,2";
			};
			name = Debug;
		};
		C0B824562AE8DB97005F4080 /* Release */ = {
			isa = XCBuildConfiguration;
			buildSettings = {
				ASSETCATALOG_COMPILER_APPICON_NAME = AppIcon;
				ASSETCATALOG_COMPILER_GLOBAL_ACCENT_COLOR_NAME = AccentColor;
				CODE_SIGN_STYLE = Automatic;
				CURRENT_PROJECT_VERSION = 1;
				DEVELOPMENT_TEAM = U77SWC9NZT;
				GENERATE_INFOPLIST_FILE = YES;
				INFOPLIST_FILE = GithubSearch/Info.plist;
				INFOPLIST_KEY_UIApplicationSupportsIndirectInputEvents = YES;
				INFOPLIST_KEY_UILaunchStoryboardName = LaunchScreen;
				INFOPLIST_KEY_UIMainStoryboardFile = "";
				INFOPLIST_KEY_UISupportedInterfaceOrientations_iPad = "UIInterfaceOrientationPortrait UIInterfaceOrientationPortraitUpsideDown UIInterfaceOrientationLandscapeLeft UIInterfaceOrientationLandscapeRight";
				INFOPLIST_KEY_UISupportedInterfaceOrientations_iPhone = "UIInterfaceOrientationPortrait UIInterfaceOrientationLandscapeLeft UIInterfaceOrientationLandscapeRight";
				LD_RUNPATH_SEARCH_PATHS = (
					"$(inherited)",
					"@executable_path/Frameworks",
				);
				MARKETING_VERSION = 1.0;
				PRODUCT_BUNDLE_IDENTIFIER = com.kakaobanktest.GithubSearch;
				PRODUCT_NAME = "$(TARGET_NAME)";
				SWIFT_EMIT_LOC_STRINGS = YES;
				SWIFT_VERSION = 5.0;
				TARGETED_DEVICE_FAMILY = "1,2";
			};
			name = Release;
		};
		C0B824582AE8DB97005F4080 /* Debug */ = {
			isa = XCBuildConfiguration;
			buildSettings = {
				ALWAYS_EMBED_SWIFT_STANDARD_LIBRARIES = YES;
				BUNDLE_LOADER = "$(TEST_HOST)";
				CODE_SIGN_STYLE = Automatic;
				CURRENT_PROJECT_VERSION = 1;
				DEVELOPMENT_TEAM = U77SWC9NZT;
				GENERATE_INFOPLIST_FILE = YES;
				IPHONEOS_DEPLOYMENT_TARGET = 16.4;
				MARKETING_VERSION = 1.0;
				PRODUCT_BUNDLE_IDENTIFIER = com.kakaobanktest.GithubSearchTests;
				PRODUCT_NAME = "$(TARGET_NAME)";
				SWIFT_EMIT_LOC_STRINGS = NO;
				SWIFT_VERSION = 5.0;
				TARGETED_DEVICE_FAMILY = "1,2";
				TEST_HOST = "$(BUILT_PRODUCTS_DIR)/GithubSearch.app/$(BUNDLE_EXECUTABLE_FOLDER_PATH)/GithubSearch";
			};
			name = Debug;
		};
		C0B824592AE8DB97005F4080 /* Release */ = {
			isa = XCBuildConfiguration;
			buildSettings = {
				ALWAYS_EMBED_SWIFT_STANDARD_LIBRARIES = YES;
				BUNDLE_LOADER = "$(TEST_HOST)";
				CODE_SIGN_STYLE = Automatic;
				CURRENT_PROJECT_VERSION = 1;
				DEVELOPMENT_TEAM = U77SWC9NZT;
				GENERATE_INFOPLIST_FILE = YES;
				IPHONEOS_DEPLOYMENT_TARGET = 16.4;
				MARKETING_VERSION = 1.0;
				PRODUCT_BUNDLE_IDENTIFIER = com.kakaobanktest.GithubSearchTests;
				PRODUCT_NAME = "$(TARGET_NAME)";
				SWIFT_EMIT_LOC_STRINGS = NO;
				SWIFT_VERSION = 5.0;
				TARGETED_DEVICE_FAMILY = "1,2";
				TEST_HOST = "$(BUILT_PRODUCTS_DIR)/GithubSearch.app/$(BUNDLE_EXECUTABLE_FOLDER_PATH)/GithubSearch";
			};
			name = Release;
		};
		C0B8245B2AE8DB97005F4080 /* Debug */ = {
			isa = XCBuildConfiguration;
			buildSettings = {
				ALWAYS_EMBED_SWIFT_STANDARD_LIBRARIES = YES;
				CODE_SIGN_STYLE = Automatic;
				CURRENT_PROJECT_VERSION = 1;
				DEVELOPMENT_TEAM = U77SWC9NZT;
				GENERATE_INFOPLIST_FILE = YES;
				MARKETING_VERSION = 1.0;
				PRODUCT_BUNDLE_IDENTIFIER = com.kakaobanktest.GithubSearchUITests;
				PRODUCT_NAME = "$(TARGET_NAME)";
				SWIFT_EMIT_LOC_STRINGS = NO;
				SWIFT_VERSION = 5.0;
				TARGETED_DEVICE_FAMILY = "1,2";
				TEST_TARGET_NAME = GithubSearch;
			};
			name = Debug;
		};
		C0B8245C2AE8DB97005F4080 /* Release */ = {
			isa = XCBuildConfiguration;
			buildSettings = {
				ALWAYS_EMBED_SWIFT_STANDARD_LIBRARIES = YES;
				CODE_SIGN_STYLE = Automatic;
				CURRENT_PROJECT_VERSION = 1;
				DEVELOPMENT_TEAM = U77SWC9NZT;
				GENERATE_INFOPLIST_FILE = YES;
				MARKETING_VERSION = 1.0;
				PRODUCT_BUNDLE_IDENTIFIER = com.kakaobanktest.GithubSearchUITests;
				PRODUCT_NAME = "$(TARGET_NAME)";
				SWIFT_EMIT_LOC_STRINGS = NO;
				SWIFT_VERSION = 5.0;
				TARGETED_DEVICE_FAMILY = "1,2";
				TEST_TARGET_NAME = GithubSearch;
			};
			name = Release;
		};
/* End XCBuildConfiguration section */

/* Begin XCConfigurationList section */
		C0B824252AE8DB96005F4080 /* Build configuration list for PBXProject "GithubSearch" */ = {
			isa = XCConfigurationList;
			buildConfigurations = (
				C0B824522AE8DB97005F4080 /* Debug */,
				C0B824532AE8DB97005F4080 /* Release */,
			);
			defaultConfigurationIsVisible = 0;
			defaultConfigurationName = Release;
		};
		C0B824542AE8DB97005F4080 /* Build configuration list for PBXNativeTarget "GithubSearch" */ = {
			isa = XCConfigurationList;
			buildConfigurations = (
				C0B824552AE8DB97005F4080 /* Debug */,
				C0B824562AE8DB97005F4080 /* Release */,
			);
			defaultConfigurationIsVisible = 0;
			defaultConfigurationName = Release;
		};
		C0B824572AE8DB97005F4080 /* Build configuration list for PBXNativeTarget "GithubSearchTests" */ = {
			isa = XCConfigurationList;
			buildConfigurations = (
				C0B824582AE8DB97005F4080 /* Debug */,
				C0B824592AE8DB97005F4080 /* Release */,
			);
			defaultConfigurationIsVisible = 0;
			defaultConfigurationName = Release;
		};
		C0B8245A2AE8DB97005F4080 /* Build configuration list for PBXNativeTarget "GithubSearchUITests" */ = {
			isa = XCConfigurationList;
			buildConfigurations = (
				C0B8245B2AE8DB97005F4080 /* Debug */,
				C0B8245C2AE8DB97005F4080 /* Release */,
			);
			defaultConfigurationIsVisible = 0;
			defaultConfigurationName = Release;
		};
/* End XCConfigurationList section */

/* Begin XCRemoteSwiftPackageReference section */
		C0B8245D2AE8EBCD005F4080 /* XCRemoteSwiftPackageReference "RxSwift" */ = {
			isa = XCRemoteSwiftPackageReference;
			repositoryURL = "https://github.com/ReactiveX/RxSwift.git";
			requirement = {
				kind = upToNextMajorVersion;
				minimumVersion = 6.0.0;
			};
		};
		C0B824622AE8F54D005F4080 /* XCRemoteSwiftPackageReference "ReactorKit" */ = {
			isa = XCRemoteSwiftPackageReference;
			repositoryURL = "https://github.com/ReactorKit/ReactorKit.git";
			requirement = {
				kind = upToNextMajorVersion;
				minimumVersion = 3.0.0;
			};
		};
/* End XCRemoteSwiftPackageReference section */

/* Begin XCSwiftPackageProductDependency section */
		C0B8245E2AE8EBCD005F4080 /* RxCocoa */ = {
			isa = XCSwiftPackageProductDependency;
			package = C0B8245D2AE8EBCD005F4080 /* XCRemoteSwiftPackageReference "RxSwift" */;
			productName = RxCocoa;
		};
		C0B824602AE8EBCD005F4080 /* RxSwift */ = {
			isa = XCSwiftPackageProductDependency;
			package = C0B8245D2AE8EBCD005F4080 /* XCRemoteSwiftPackageReference "RxSwift" */;
			productName = RxSwift;
		};
		C0B824632AE8F54D005F4080 /* ReactorKit */ = {
			isa = XCSwiftPackageProductDependency;
			package = C0B824622AE8F54D005F4080 /* XCRemoteSwiftPackageReference "ReactorKit" */;
			productName = ReactorKit;
		};
/* End XCSwiftPackageProductDependency section */
	};
	rootObject = C0B824222AE8DB96005F4080 /* Project object */;
}
