// !$*UTF8*$!
{
	archiveVersion = 1;
	classes = {
	};
	objectVersion = 56;
	objects = {

/* Begin PBXBuildFile section */
		C01F5C572AE752C000D659F0 /* AppDelegate.swift in Sources */ = {isa = PBXBuildFile; fileRef = C01F5C562AE752C000D659F0 /* AppDelegate.swift */; };
		C01F5C592AE752C000D659F0 /* SceneDelegate.swift in Sources */ = {isa = PBXBuildFile; fileRef = C01F5C582AE752C000D659F0 /* SceneDelegate.swift */; };
		C01F5C5B2AE752C000D659F0 /* ViewController.swift in Sources */ = {isa = PBXBuildFile; fileRef = C01F5C5A2AE752C000D659F0 /* ViewController.swift */; };
		C01F5C5E2AE752C000D659F0 /* Main.storyboard in Resources */ = {isa = PBXBuildFile; fileRef = C01F5C5C2AE752C000D659F0 /* Main.storyboard */; };
		C01F5C602AE752C100D659F0 /* Assets.xcassets in Resources */ = {isa = PBXBuildFile; fileRef = C01F5C5F2AE752C100D659F0 /* Assets.xcassets */; };
		C01F5C632AE752C100D659F0 /* LaunchScreen.storyboard in Resources */ = {isa = PBXBuildFile; fileRef = C01F5C612AE752C100D659F0 /* LaunchScreen.storyboard */; };
		C01F5C6E2AE752C100D659F0 /* ReactorKitTestTests.swift in Sources */ = {isa = PBXBuildFile; fileRef = C01F5C6D2AE752C100D659F0 /* ReactorKitTestTests.swift */; };
		C01F5C782AE752C100D659F0 /* ReactorKitTestUITests.swift in Sources */ = {isa = PBXBuildFile; fileRef = C01F5C772AE752C100D659F0 /* ReactorKitTestUITests.swift */; };
		C01F5C7A2AE752C100D659F0 /* ReactorKitTestUITestsLaunchTests.swift in Sources */ = {isa = PBXBuildFile; fileRef = C01F5C792AE752C100D659F0 /* ReactorKitTestUITestsLaunchTests.swift */; };
		C01F5C882AE753EB00D659F0 /* ReactorKit in Frameworks */ = {isa = PBXBuildFile; productRef = C01F5C872AE753EB00D659F0 /* ReactorKit */; };
		C01F5C8A2AE7546900D659F0 /* Reactor.swift in Sources */ = {isa = PBXBuildFile; fileRef = C01F5C892AE7546900D659F0 /* Reactor.swift */; };
		C01F5C8D2AE759FC00D659F0 /* RxCocoa in Frameworks */ = {isa = PBXBuildFile; productRef = C01F5C8C2AE759FC00D659F0 /* RxCocoa */; };
/* End PBXBuildFile section */

/* Begin PBXContainerItemProxy section */
		C01F5C6A2AE752C100D659F0 /* PBXContainerItemProxy */ = {
			isa = PBXContainerItemProxy;
			containerPortal = C01F5C4B2AE752C000D659F0 /* Project object */;
			proxyType = 1;
			remoteGlobalIDString = C01F5C522AE752C000D659F0;
			remoteInfo = ReactorKitTest;
		};
		C01F5C742AE752C100D659F0 /* PBXContainerItemProxy */ = {
			isa = PBXContainerItemProxy;
			containerPortal = C01F5C4B2AE752C000D659F0 /* Project object */;
			proxyType = 1;
			remoteGlobalIDString = C01F5C522AE752C000D659F0;
			remoteInfo = ReactorKitTest;
		};
/* End PBXContainerItemProxy section */

/* Begin PBXFileReference section */
		C01F5C532AE752C000D659F0 /* ReactorKitTest.app */ = {isa = PBXFileReference; explicitFileType = wrapper.application; includeInIndex = 0; path = ReactorKitTest.app; sourceTree = BUILT_PRODUCTS_DIR; };
		C01F5C562AE752C000D659F0 /* AppDelegate.swift */ = {isa = PBXFileReference; lastKnownFileType = sourcecode.swift; path = AppDelegate.swift; sourceTree = "<group>"; };
		C01F5C582AE752C000D659F0 /* SceneDelegate.swift */ = {isa = PBXFileReference; lastKnownFileType = sourcecode.swift; path = SceneDelegate.swift; sourceTree = "<group>"; };
		C01F5C5A2AE752C000D659F0 /* ViewController.swift */ = {isa = PBXFileReference; lastKnownFileType = sourcecode.swift; path = ViewController.swift; sourceTree = "<group>"; };
		C01F5C5D2AE752C000D659F0 /* Base */ = {isa = PBXFileReference; lastKnownFileType = file.storyboard; name = Base; path = Base.lproj/Main.storyboard; sourceTree = "<group>"; };
		C01F5C5F2AE752C100D659F0 /* Assets.xcassets */ = {isa = PBXFileReference; lastKnownFileType = folder.assetcatalog; path = Assets.xcassets; sourceTree = "<group>"; };
		C01F5C622AE752C100D659F0 /* Base */ = {isa = PBXFileReference; lastKnownFileType = file.storyboard; name = Base; path = Base.lproj/LaunchScreen.storyboard; sourceTree = "<group>"; };
		C01F5C642AE752C100D659F0 /* Info.plist */ = {isa = PBXFileReference; lastKnownFileType = text.plist.xml; path = Info.plist; sourceTree = "<group>"; };
		C01F5C692AE752C100D659F0 /* ReactorKitTestTests.xctest */ = {isa = PBXFileReference; explicitFileType = wrapper.cfbundle; includeInIndex = 0; path = ReactorKitTestTests.xctest; sourceTree = BUILT_PRODUCTS_DIR; };
		C01F5C6D2AE752C100D659F0 /* ReactorKitTestTests.swift */ = {isa = PBXFileReference; lastKnownFileType = sourcecode.swift; path = ReactorKitTestTests.swift; sourceTree = "<group>"; };
		C01F5C732AE752C100D659F0 /* ReactorKitTestUITests.xctest */ = {isa = PBXFileReference; explicitFileType = wrapper.cfbundle; includeInIndex = 0; path = ReactorKitTestUITests.xctest; sourceTree = BUILT_PRODUCTS_DIR; };
		C01F5C772AE752C100D659F0 /* ReactorKitTestUITests.swift */ = {isa = PBXFileReference; lastKnownFileType = sourcecode.swift; path = ReactorKitTestUITests.swift; sourceTree = "<group>"; };
		C01F5C792AE752C100D659F0 /* ReactorKitTestUITestsLaunchTests.swift */ = {isa = PBXFileReference; lastKnownFileType = sourcecode.swift; path = ReactorKitTestUITestsLaunchTests.swift; sourceTree = "<group>"; };
		C01F5C892AE7546900D659F0 /* Reactor.swift */ = {isa = PBXFileReference; lastKnownFileType = sourcecode.swift; path = Reactor.swift; sourceTree = "<group>"; };
/* End PBXFileReference section */

/* Begin PBXFrameworksBuildPhase section */
		C01F5C502AE752C000D659F0 /* Frameworks */ = {
			isa = PBXFrameworksBuildPhase;
			buildActionMask = 2147483647;
			files = (
				C01F5C8D2AE759FC00D659F0 /* RxCocoa in Frameworks */,
				C01F5C882AE753EB00D659F0 /* ReactorKit in Frameworks */,
			);
			runOnlyForDeploymentPostprocessing = 0;
		};
		C01F5C662AE752C100D659F0 /* Frameworks */ = {
			isa = PBXFrameworksBuildPhase;
			buildActionMask = 2147483647;
			files = (
			);
			runOnlyForDeploymentPostprocessing = 0;
		};
		C01F5C702AE752C100D659F0 /* Frameworks */ = {
			isa = PBXFrameworksBuildPhase;
			buildActionMask = 2147483647;
			files = (
			);
			runOnlyForDeploymentPostprocessing = 0;
		};
/* End PBXFrameworksBuildPhase section */

/* Begin PBXGroup section */
		C01F5C4A2AE752C000D659F0 = {
			isa = PBXGroup;
			children = (
				C01F5C552AE752C000D659F0 /* ReactorKitTest */,
				C01F5C6C2AE752C100D659F0 /* ReactorKitTestTests */,
				C01F5C762AE752C100D659F0 /* ReactorKitTestUITests */,
				C01F5C542AE752C000D659F0 /* Products */,
			);
			sourceTree = "<group>";
		};
		C01F5C542AE752C000D659F0 /* Products */ = {
			isa = PBXGroup;
			children = (
				C01F5C532AE752C000D659F0 /* ReactorKitTest.app */,
				C01F5C692AE752C100D659F0 /* ReactorKitTestTests.xctest */,
				C01F5C732AE752C100D659F0 /* ReactorKitTestUITests.xctest */,
			);
			name = Products;
			sourceTree = "<group>";
		};
		C01F5C552AE752C000D659F0 /* ReactorKitTest */ = {
			isa = PBXGroup;
			children = (
				C01F5C562AE752C000D659F0 /* AppDelegate.swift */,
				C01F5C582AE752C000D659F0 /* SceneDelegate.swift */,
				C01F5C5A2AE752C000D659F0 /* ViewController.swift */,
				C01F5C892AE7546900D659F0 /* Reactor.swift */,
				C01F5C5C2AE752C000D659F0 /* Main.storyboard */,
				C01F5C5F2AE752C100D659F0 /* Assets.xcassets */,
				C01F5C612AE752C100D659F0 /* LaunchScreen.storyboard */,
				C01F5C642AE752C100D659F0 /* Info.plist */,
			);
			path = ReactorKitTest;
			sourceTree = "<group>";
		};
		C01F5C6C2AE752C100D659F0 /* ReactorKitTestTests */ = {
			isa = PBXGroup;
			children = (
				C01F5C6D2AE752C100D659F0 /* ReactorKitTestTests.swift */,
			);
			path = ReactorKitTestTests;
			sourceTree = "<group>";
		};
		C01F5C762AE752C100D659F0 /* ReactorKitTestUITests */ = {
			isa = PBXGroup;
			children = (
				C01F5C772AE752C100D659F0 /* ReactorKitTestUITests.swift */,
				C01F5C792AE752C100D659F0 /* ReactorKitTestUITestsLaunchTests.swift */,
			);
			path = ReactorKitTestUITests;
			sourceTree = "<group>";
		};
/* End PBXGroup section */

/* Begin PBXNativeTarget section */
		C01F5C522AE752C000D659F0 /* ReactorKitTest */ = {
			isa = PBXNativeTarget;
			buildConfigurationList = C01F5C7D2AE752C100D659F0 /* Build configuration list for PBXNativeTarget "ReactorKitTest" */;
			buildPhases = (
				C01F5C4F2AE752C000D659F0 /* Sources */,
				C01F5C502AE752C000D659F0 /* Frameworks */,
				C01F5C512AE752C000D659F0 /* Resources */,
			);
			buildRules = (
			);
			dependencies = (
			);
			name = ReactorKitTest;
			packageProductDependencies = (
				C01F5C872AE753EB00D659F0 /* ReactorKit */,
				C01F5C8C2AE759FC00D659F0 /* RxCocoa */,
			);
			productName = ReactorKitTest;
			productReference = C01F5C532AE752C000D659F0 /* ReactorKitTest.app */;
			productType = "com.apple.product-type.application";
		};
		C01F5C682AE752C100D659F0 /* ReactorKitTestTests */ = {
			isa = PBXNativeTarget;
			buildConfigurationList = C01F5C802AE752C100D659F0 /* Build configuration list for PBXNativeTarget "ReactorKitTestTests" */;
			buildPhases = (
				C01F5C652AE752C100D659F0 /* Sources */,
				C01F5C662AE752C100D659F0 /* Frameworks */,
				C01F5C672AE752C100D659F0 /* Resources */,
			);
			buildRules = (
			);
			dependencies = (
				C01F5C6B2AE752C100D659F0 /* PBXTargetDependency */,
			);
			name = ReactorKitTestTests;
			productName = ReactorKitTestTests;
			productReference = C01F5C692AE752C100D659F0 /* ReactorKitTestTests.xctest */;
			productType = "com.apple.product-type.bundle.unit-test";
		};
		C01F5C722AE752C100D659F0 /* ReactorKitTestUITests */ = {
			isa = PBXNativeTarget;
			buildConfigurationList = C01F5C832AE752C100D659F0 /* Build configuration list for PBXNativeTarget "ReactorKitTestUITests" */;
			buildPhases = (
				C01F5C6F2AE752C100D659F0 /* Sources */,
				C01F5C702AE752C100D659F0 /* Frameworks */,
				C01F5C712AE752C100D659F0 /* Resources */,
			);
			buildRules = (
			);
			dependencies = (
				C01F5C752AE752C100D659F0 /* PBXTargetDependency */,
			);
			name = ReactorKitTestUITests;
			productName = ReactorKitTestUITests;
			productReference = C01F5C732AE752C100D659F0 /* ReactorKitTestUITests.xctest */;
			productType = "com.apple.product-type.bundle.ui-testing";
		};
/* End PBXNativeTarget section */

/* Begin PBXProject section */
		C01F5C4B2AE752C000D659F0 /* Project object */ = {
			isa = PBXProject;
			attributes = {
				BuildIndependentTargetsInParallel = 1;
				LastSwiftUpdateCheck = 1430;
				LastUpgradeCheck = 1430;
				TargetAttributes = {
					C01F5C522AE752C000D659F0 = {
						CreatedOnToolsVersion = 14.3.1;
					};
					C01F5C682AE752C100D659F0 = {
						CreatedOnToolsVersion = 14.3.1;
						TestTargetID = C01F5C522AE752C000D659F0;
					};
					C01F5C722AE752C100D659F0 = {
						CreatedOnToolsVersion = 14.3.1;
						TestTargetID = C01F5C522AE752C000D659F0;
					};
				};
			};
			buildConfigurationList = C01F5C4E2AE752C000D659F0 /* Build configuration list for PBXProject "ReactorKitTest" */;
			compatibilityVersion = "Xcode 14.0";
			developmentRegion = en;
			hasScannedForEncodings = 0;
			knownRegions = (
				en,
				Base,
			);
			mainGroup = C01F5C4A2AE752C000D659F0;
			packageReferences = (
				C01F5C862AE753EB00D659F0 /* XCRemoteSwiftPackageReference "ReactorKit" */,
				C01F5C8B2AE759FC00D659F0 /* XCRemoteSwiftPackageReference "RxSwift" */,
			);
			productRefGroup = C01F5C542AE752C000D659F0 /* Products */;
			projectDirPath = "";
			projectRoot = "";
			targets = (
				C01F5C522AE752C000D659F0 /* ReactorKitTest */,
				C01F5C682AE752C100D659F0 /* ReactorKitTestTests */,
				C01F5C722AE752C100D659F0 /* ReactorKitTestUITests */,
			);
		};
/* End PBXProject section */

/* Begin PBXResourcesBuildPhase section */
		C01F5C512AE752C000D659F0 /* Resources */ = {
			isa = PBXResourcesBuildPhase;
			buildActionMask = 2147483647;
			files = (
				C01F5C632AE752C100D659F0 /* LaunchScreen.storyboard in Resources */,
				C01F5C602AE752C100D659F0 /* Assets.xcassets in Resources */,
				C01F5C5E2AE752C000D659F0 /* Main.storyboard in Resources */,
			);
			runOnlyForDeploymentPostprocessing = 0;
		};
		C01F5C672AE752C100D659F0 /* Resources */ = {
			isa = PBXResourcesBuildPhase;
			buildActionMask = 2147483647;
			files = (
			);
			runOnlyForDeploymentPostprocessing = 0;
		};
		C01F5C712AE752C100D659F0 /* Resources */ = {
			isa = PBXResourcesBuildPhase;
			buildActionMask = 2147483647;
			files = (
			);
			runOnlyForDeploymentPostprocessing = 0;
		};
/* End PBXResourcesBuildPhase section */

/* Begin PBXSourcesBuildPhase section */
		C01F5C4F2AE752C000D659F0 /* Sources */ = {
			isa = PBXSourcesBuildPhase;
			buildActionMask = 2147483647;
			files = (
				C01F5C8A2AE7546900D659F0 /* Reactor.swift in Sources */,
				C01F5C5B2AE752C000D659F0 /* ViewController.swift in Sources */,
				C01F5C572AE752C000D659F0 /* AppDelegate.swift in Sources */,
				C01F5C592AE752C000D659F0 /* SceneDelegate.swift in Sources */,
			);
			runOnlyForDeploymentPostprocessing = 0;
		};
		C01F5C652AE752C100D659F0 /* Sources */ = {
			isa = PBXSourcesBuildPhase;
			buildActionMask = 2147483647;
			files = (
				C01F5C6E2AE752C100D659F0 /* ReactorKitTestTests.swift in Sources */,
			);
			runOnlyForDeploymentPostprocessing = 0;
		};
		C01F5C6F2AE752C100D659F0 /* Sources */ = {
			isa = PBXSourcesBuildPhase;
			buildActionMask = 2147483647;
			files = (
				C01F5C7A2AE752C100D659F0 /* ReactorKitTestUITestsLaunchTests.swift in Sources */,
				C01F5C782AE752C100D659F0 /* ReactorKitTestUITests.swift in Sources */,
			);
			runOnlyForDeploymentPostprocessing = 0;
		};
/* End PBXSourcesBuildPhase section */

/* Begin PBXTargetDependency section */
		C01F5C6B2AE752C100D659F0 /* PBXTargetDependency */ = {
			isa = PBXTargetDependency;
			target = C01F5C522AE752C000D659F0 /* ReactorKitTest */;
			targetProxy = C01F5C6A2AE752C100D659F0 /* PBXContainerItemProxy */;
		};
		C01F5C752AE752C100D659F0 /* PBXTargetDependency */ = {
			isa = PBXTargetDependency;
			target = C01F5C522AE752C000D659F0 /* ReactorKitTest */;
			targetProxy = C01F5C742AE752C100D659F0 /* PBXContainerItemProxy */;
		};
/* End PBXTargetDependency section */

/* Begin PBXVariantGroup section */
		C01F5C5C2AE752C000D659F0 /* Main.storyboard */ = {
			isa = PBXVariantGroup;
			children = (
				C01F5C5D2AE752C000D659F0 /* Base */,
			);
			name = Main.storyboard;
			sourceTree = "<group>";
		};
		C01F5C612AE752C100D659F0 /* LaunchScreen.storyboard */ = {
			isa = PBXVariantGroup;
			children = (
				C01F5C622AE752C100D659F0 /* Base */,
			);
			name = LaunchScreen.storyboard;
			sourceTree = "<group>";
		};
/* End PBXVariantGroup section */

/* Begin XCBuildConfiguration section */
		C01F5C7B2AE752C100D659F0 /* Debug */ = {
			isa = XCBuildConfiguration;
			buildSettings = {
				ALWAYS_SEARCH_USER_PATHS = NO;
				CLANG_ANALYZER_NONNULL = YES;
				CLANG_ANALYZER_NUMBER_OBJECT_CONVERSION = YES_AGGRESSIVE;
				CLANG_CXX_LANGUAGE_STANDARD = "gnu++20";
				CLANG_ENABLE_MODULES = YES;
				CLANG_ENABLE_OBJC_ARC = YES;
				CLANG_ENABLE_OBJC_WEAK = YES;
				CLANG_WARN_BLOCK_CAPTURE_AUTORELEASING = YES;
				CLANG_WARN_BOOL_CONVERSION = YES;
				CLANG_WARN_COMMA = YES;
				CLANG_WARN_CONSTANT_CONVERSION = YES;
				CLANG_WARN_DEPRECATED_OBJC_IMPLEMENTATIONS = YES;
				CLANG_WARN_DIRECT_OBJC_ISA_USAGE = YES_ERROR;
				CLANG_WARN_DOCUMENTATION_COMMENTS = YES;
				CLANG_WARN_EMPTY_BODY = YES;
				CLANG_WARN_ENUM_CONVERSION = YES;
				CLANG_WARN_INFINITE_RECURSION = YES;
				CLANG_WARN_INT_CONVERSION = YES;
				CLANG_WARN_NON_LITERAL_NULL_CONVERSION = YES;
				CLANG_WARN_OBJC_IMPLICIT_RETAIN_SELF = YES;
				CLANG_WARN_OBJC_LITERAL_CONVERSION = YES;
				CLANG_WARN_OBJC_ROOT_CLASS = YES_ERROR;
				CLANG_WARN_QUOTED_INCLUDE_IN_FRAMEWORK_HEADER = YES;
				CLANG_WARN_RANGE_LOOP_ANALYSIS = YES;
				CLANG_WARN_STRICT_PROTOTYPES = YES;
				CLANG_WARN_SUSPICIOUS_MOVE = YES;
				CLANG_WARN_UNGUARDED_AVAILABILITY = YES_AGGRESSIVE;
				CLANG_WARN_UNREACHABLE_CODE = YES;
				CLANG_WARN__DUPLICATE_METHOD_MATCH = YES;
				COPY_PHASE_STRIP = NO;
				DEBUG_INFORMATION_FORMAT = dwarf;
				ENABLE_STRICT_OBJC_MSGSEND = YES;
				ENABLE_TESTABILITY = YES;
				GCC_C_LANGUAGE_STANDARD = gnu11;
				GCC_DYNAMIC_NO_PIC = NO;
				GCC_NO_COMMON_BLOCKS = YES;
				GCC_OPTIMIZATION_LEVEL = 0;
				GCC_PREPROCESSOR_DEFINITIONS = (
					"DEBUG=1",
					"$(inherited)",
				);
				GCC_WARN_64_TO_32_BIT_CONVERSION = YES;
				GCC_WARN_ABOUT_RETURN_TYPE = YES_ERROR;
				GCC_WARN_UNDECLARED_SELECTOR = YES;
				GCC_WARN_UNINITIALIZED_AUTOS = YES_AGGRESSIVE;
				GCC_WARN_UNUSED_FUNCTION = YES;
				GCC_WARN_UNUSED_VARIABLE = YES;
				IPHONEOS_DEPLOYMENT_TARGET = 16.4;
				MTL_ENABLE_DEBUG_INFO = INCLUDE_SOURCE;
				MTL_FAST_MATH = YES;
				ONLY_ACTIVE_ARCH = YES;
				SDKROOT = iphoneos;
				SWIFT_ACTIVE_COMPILATION_CONDITIONS = DEBUG;
				SWIFT_OPTIMIZATION_LEVEL = "-Onone";
			};
			name = Debug;
		};
		C01F5C7C2AE752C100D659F0 /* Release */ = {
			isa = XCBuildConfiguration;
			buildSettings = {
				ALWAYS_SEARCH_USER_PATHS = NO;
				CLANG_ANALYZER_NONNULL = YES;
				CLANG_ANALYZER_NUMBER_OBJECT_CONVERSION = YES_AGGRESSIVE;
				CLANG_CXX_LANGUAGE_STANDARD = "gnu++20";
				CLANG_ENABLE_MODULES = YES;
				CLANG_ENABLE_OBJC_ARC = YES;
				CLANG_ENABLE_OBJC_WEAK = YES;
				CLANG_WARN_BLOCK_CAPTURE_AUTORELEASING = YES;
				CLANG_WARN_BOOL_CONVERSION = YES;
				CLANG_WARN_COMMA = YES;
				CLANG_WARN_CONSTANT_CONVERSION = YES;
				CLANG_WARN_DEPRECATED_OBJC_IMPLEMENTATIONS = YES;
				CLANG_WARN_DIRECT_OBJC_ISA_USAGE = YES_ERROR;
				CLANG_WARN_DOCUMENTATION_COMMENTS = YES;
				CLANG_WARN_EMPTY_BODY = YES;
				CLANG_WARN_ENUM_CONVERSION = YES;
				CLANG_WARN_INFINITE_RECURSION = YES;
				CLANG_WARN_INT_CONVERSION = YES;
				CLANG_WARN_NON_LITERAL_NULL_CONVERSION = YES;
				CLANG_WARN_OBJC_IMPLICIT_RETAIN_SELF = YES;
				CLANG_WARN_OBJC_LITERAL_CONVERSION = YES;
				CLANG_WARN_OBJC_ROOT_CLASS = YES_ERROR;
				CLANG_WARN_QUOTED_INCLUDE_IN_FRAMEWORK_HEADER = YES;
				CLANG_WARN_RANGE_LOOP_ANALYSIS = YES;
				CLANG_WARN_STRICT_PROTOTYPES = YES;
				CLANG_WARN_SUSPICIOUS_MOVE = YES;
				CLANG_WARN_UNGUARDED_AVAILABILITY = YES_AGGRESSIVE;
				CLANG_WARN_UNREACHABLE_CODE = YES;
				CLANG_WARN__DUPLICATE_METHOD_MATCH = YES;
				COPY_PHASE_STRIP = NO;
				DEBUG_INFORMATION_FORMAT = "dwarf-with-dsym";
				ENABLE_NS_ASSERTIONS = NO;
				ENABLE_STRICT_OBJC_MSGSEND = YES;
				GCC_C_LANGUAGE_STANDARD = gnu11;
				GCC_NO_COMMON_BLOCKS = YES;
				GCC_WARN_64_TO_32_BIT_CONVERSION = YES;
				GCC_WARN_ABOUT_RETURN_TYPE = YES_ERROR;
				GCC_WARN_UNDECLARED_SELECTOR = YES;
				GCC_WARN_UNINITIALIZED_AUTOS = YES_AGGRESSIVE;
				GCC_WARN_UNUSED_FUNCTION = YES;
				GCC_WARN_UNUSED_VARIABLE = YES;
				IPHONEOS_DEPLOYMENT_TARGET = 16.4;
				MTL_ENABLE_DEBUG_INFO = NO;
				MTL_FAST_MATH = YES;
				SDKROOT = iphoneos;
				SWIFT_COMPILATION_MODE = wholemodule;
				SWIFT_OPTIMIZATION_LEVEL = "-O";
				VALIDATE_PRODUCT = YES;
			};
			name = Release;
		};
		C01F5C7E2AE752C100D659F0 /* Debug */ = {
			isa = XCBuildConfiguration;
			buildSettings = {
				ASSETCATALOG_COMPILER_APPICON_NAME = AppIcon;
				ASSETCATALOG_COMPILER_GLOBAL_ACCENT_COLOR_NAME = AccentColor;
				CODE_SIGN_STYLE = Automatic;
				CURRENT_PROJECT_VERSION = 1;
				DEVELOPMENT_TEAM = U77SWC9NZT;
				GENERATE_INFOPLIST_FILE = YES;
				INFOPLIST_FILE = ReactorKitTest/Info.plist;
				INFOPLIST_KEY_UIApplicationSupportsIndirectInputEvents = YES;
				INFOPLIST_KEY_UILaunchStoryboardName = LaunchScreen;
				INFOPLIST_KEY_UIMainStoryboardFile = Main;
				INFOPLIST_KEY_UISupportedInterfaceOrientations_iPad = "UIInterfaceOrientationPortrait UIInterfaceOrientationPortraitUpsideDown UIInterfaceOrientationLandscapeLeft UIInterfaceOrientationLandscapeRight";
				INFOPLIST_KEY_UISupportedInterfaceOrientations_iPhone = "UIInterfaceOrientationPortrait UIInterfaceOrientationLandscapeLeft UIInterfaceOrientationLandscapeRight";
				LD_RUNPATH_SEARCH_PATHS = (
					"$(inherited)",
					"@executable_path/Frameworks",
				);
				MARKETING_VERSION = 1.0;
				PRODUCT_BUNDLE_IDENTIFIER = com.kakaobanktest.ReactorKitTest;
				PRODUCT_NAME = "$(TARGET_NAME)";
				SWIFT_EMIT_LOC_STRINGS = YES;
				SWIFT_VERSION = 5.0;
				TARGETED_DEVICE_FAMILY = "1,2";
			};
			name = Debug;
		};
		C01F5C7F2AE752C100D659F0 /* Release */ = {
			isa = XCBuildConfiguration;
			buildSettings = {
				ASSETCATALOG_COMPILER_APPICON_NAME = AppIcon;
				ASSETCATALOG_COMPILER_GLOBAL_ACCENT_COLOR_NAME = AccentColor;
				CODE_SIGN_STYLE = Automatic;
				CURRENT_PROJECT_VERSION = 1;
				DEVELOPMENT_TEAM = U77SWC9NZT;
				GENERATE_INFOPLIST_FILE = YES;
				INFOPLIST_FILE = ReactorKitTest/Info.plist;
				INFOPLIST_KEY_UIApplicationSupportsIndirectInputEvents = YES;
				INFOPLIST_KEY_UILaunchStoryboardName = LaunchScreen;
				INFOPLIST_KEY_UIMainStoryboardFile = Main;
				INFOPLIST_KEY_UISupportedInterfaceOrientations_iPad = "UIInterfaceOrientationPortrait UIInterfaceOrientationPortraitUpsideDown UIInterfaceOrientationLandscapeLeft UIInterfaceOrientationLandscapeRight";
				INFOPLIST_KEY_UISupportedInterfaceOrientations_iPhone = "UIInterfaceOrientationPortrait UIInterfaceOrientationLandscapeLeft UIInterfaceOrientationLandscapeRight";
				LD_RUNPATH_SEARCH_PATHS = (
					"$(inherited)",
					"@executable_path/Frameworks",
				);
				MARKETING_VERSION = 1.0;
				PRODUCT_BUNDLE_IDENTIFIER = com.kakaobanktest.ReactorKitTest;
				PRODUCT_NAME = "$(TARGET_NAME)";
				SWIFT_EMIT_LOC_STRINGS = YES;
				SWIFT_VERSION = 5.0;
				TARGETED_DEVICE_FAMILY = "1,2";
			};
			name = Release;
		};
		C01F5C812AE752C100D659F0 /* Debug */ = {
			isa = XCBuildConfiguration;
			buildSettings = {
				ALWAYS_EMBED_SWIFT_STANDARD_LIBRARIES = YES;
				BUNDLE_LOADER = "$(TEST_HOST)";
				CODE_SIGN_STYLE = Automatic;
				CURRENT_PROJECT_VERSION = 1;
				DEVELOPMENT_TEAM = U77SWC9NZT;
				GENERATE_INFOPLIST_FILE = YES;
				IPHONEOS_DEPLOYMENT_TARGET = 16.4;
				MARKETING_VERSION = 1.0;
				PRODUCT_BUNDLE_IDENTIFIER = com.kakaobanktest.ReactorKitTestTests;
				PRODUCT_NAME = "$(TARGET_NAME)";
				SWIFT_EMIT_LOC_STRINGS = NO;
				SWIFT_VERSION = 5.0;
				TARGETED_DEVICE_FAMILY = "1,2";
				TEST_HOST = "$(BUILT_PRODUCTS_DIR)/ReactorKitTest.app/$(BUNDLE_EXECUTABLE_FOLDER_PATH)/ReactorKitTest";
			};
			name = Debug;
		};
		C01F5C822AE752C100D659F0 /* Release */ = {
			isa = XCBuildConfiguration;
			buildSettings = {
				ALWAYS_EMBED_SWIFT_STANDARD_LIBRARIES = YES;
				BUNDLE_LOADER = "$(TEST_HOST)";
				CODE_SIGN_STYLE = Automatic;
				CURRENT_PROJECT_VERSION = 1;
				DEVELOPMENT_TEAM = U77SWC9NZT;
				GENERATE_INFOPLIST_FILE = YES;
				IPHONEOS_DEPLOYMENT_TARGET = 16.4;
				MARKETING_VERSION = 1.0;
				PRODUCT_BUNDLE_IDENTIFIER = com.kakaobanktest.ReactorKitTestTests;
				PRODUCT_NAME = "$(TARGET_NAME)";
				SWIFT_EMIT_LOC_STRINGS = NO;
				SWIFT_VERSION = 5.0;
				TARGETED_DEVICE_FAMILY = "1,2";
				TEST_HOST = "$(BUILT_PRODUCTS_DIR)/ReactorKitTest.app/$(BUNDLE_EXECUTABLE_FOLDER_PATH)/ReactorKitTest";
			};
			name = Release;
		};
		C01F5C842AE752C100D659F0 /* Debug */ = {
			isa = XCBuildConfiguration;
			buildSettings = {
				ALWAYS_EMBED_SWIFT_STANDARD_LIBRARIES = YES;
				CODE_SIGN_STYLE = Automatic;
				CURRENT_PROJECT_VERSION = 1;
				DEVELOPMENT_TEAM = U77SWC9NZT;
				GENERATE_INFOPLIST_FILE = YES;
				MARKETING_VERSION = 1.0;
				PRODUCT_BUNDLE_IDENTIFIER = com.kakaobanktest.ReactorKitTestUITests;
				PRODUCT_NAME = "$(TARGET_NAME)";
				SWIFT_EMIT_LOC_STRINGS = NO;
				SWIFT_VERSION = 5.0;
				TARGETED_DEVICE_FAMILY = "1,2";
				TEST_TARGET_NAME = ReactorKitTest;
			};
			name = Debug;
		};
		C01F5C852AE752C100D659F0 /* Release */ = {
			isa = XCBuildConfiguration;
			buildSettings = {
				ALWAYS_EMBED_SWIFT_STANDARD_LIBRARIES = YES;
				CODE_SIGN_STYLE = Automatic;
				CURRENT_PROJECT_VERSION = 1;
				DEVELOPMENT_TEAM = U77SWC9NZT;
				GENERATE_INFOPLIST_FILE = YES;
				MARKETING_VERSION = 1.0;
				PRODUCT_BUNDLE_IDENTIFIER = com.kakaobanktest.ReactorKitTestUITests;
				PRODUCT_NAME = "$(TARGET_NAME)";
				SWIFT_EMIT_LOC_STRINGS = NO;
				SWIFT_VERSION = 5.0;
				TARGETED_DEVICE_FAMILY = "1,2";
				TEST_TARGET_NAME = ReactorKitTest;
			};
			name = Release;
		};
/* End XCBuildConfiguration section */

/* Begin XCConfigurationList section */
		C01F5C4E2AE752C000D659F0 /* Build configuration list for PBXProject "ReactorKitTest" */ = {
			isa = XCConfigurationList;
			buildConfigurations = (
				C01F5C7B2AE752C100D659F0 /* Debug */,
				C01F5C7C2AE752C100D659F0 /* Release */,
			);
			defaultConfigurationIsVisible = 0;
			defaultConfigurationName = Release;
		};
		C01F5C7D2AE752C100D659F0 /* Build configuration list for PBXNativeTarget "ReactorKitTest" */ = {
			isa = XCConfigurationList;
			buildConfigurations = (
				C01F5C7E2AE752C100D659F0 /* Debug */,
				C01F5C7F2AE752C100D659F0 /* Release */,
			);
			defaultConfigurationIsVisible = 0;
			defaultConfigurationName = Release;
		};
		C01F5C802AE752C100D659F0 /* Build configuration list for PBXNativeTarget "ReactorKitTestTests" */ = {
			isa = XCConfigurationList;
			buildConfigurations = (
				C01F5C812AE752C100D659F0 /* Debug */,
				C01F5C822AE752C100D659F0 /* Release */,
			);
			defaultConfigurationIsVisible = 0;
			defaultConfigurationName = Release;
		};
		C01F5C832AE752C100D659F0 /* Build configuration list for PBXNativeTarget "ReactorKitTestUITests" */ = {
			isa = XCConfigurationList;
			buildConfigurations = (
				C01F5C842AE752C100D659F0 /* Debug */,
				C01F5C852AE752C100D659F0 /* Release */,
			);
			defaultConfigurationIsVisible = 0;
			defaultConfigurationName = Release;
		};
/* End XCConfigurationList section */

/* Begin XCRemoteSwiftPackageReference section */
		C01F5C862AE753EB00D659F0 /* XCRemoteSwiftPackageReference "ReactorKit" */ = {
			isa = XCRemoteSwiftPackageReference;
			repositoryURL = "https://github.com/ReactorKit/ReactorKit.git";
			requirement = {
				kind = upToNextMajorVersion;
				minimumVersion = 3.0.0;
			};
		};
		C01F5C8B2AE759FC00D659F0 /* XCRemoteSwiftPackageReference "RxSwift" */ = {
			isa = XCRemoteSwiftPackageReference;
			repositoryURL = "https://github.com/ReactiveX/RxSwift.git";
			requirement = {
				kind = upToNextMajorVersion;
				minimumVersion = 6.0.0;
			};
		};
/* End XCRemoteSwiftPackageReference section */

/* Begin XCSwiftPackageProductDependency section */
		C01F5C872AE753EB00D659F0 /* ReactorKit */ = {
			isa = XCSwiftPackageProductDependency;
			package = C01F5C862AE753EB00D659F0 /* XCRemoteSwiftPackageReference "ReactorKit" */;
			productName = ReactorKit;
		};
		C01F5C8C2AE759FC00D659F0 /* RxCocoa */ = {
			isa = XCSwiftPackageProductDependency;
			package = C01F5C8B2AE759FC00D659F0 /* XCRemoteSwiftPackageReference "RxSwift" */;
			productName = RxCocoa;
		};
/* End XCSwiftPackageProductDependency section */
	};
	rootObject = C01F5C4B2AE752C000D659F0 /* Project object */;
}
